
Microsoft Visual Studio Solution File, Format Version 12.00
# Visual Studio Version 16
VisualStudioVersion = 16.0.31025.194
MinimumVisualStudioVersion = 10.0.40219.1
Project("{FAE04EC0-301F-11D3-BF4B-00C04F79EFBC}") = "College Network Auth", "College Network Auth\College Network Auth.csproj", "{8C953418-4356-46F1-8184-2AD66656911B}"
EndProject
Global
	GlobalSection(SolutionConfigurationPlatforms) = preSolution
		Debug|Any CPU = Debug|Any CPU
		Release|Any CPU = Release|Any CPU
	EndGlobalSection
	GlobalSection(ProjectConfigurationPlatforms) = postSolution
		{8C953418-4356-46F1-8184-2AD66656911B}.Debug|Any CPU.ActiveCfg = Debug|Any CPU
		{8C953418-4356-46F1-8184-2AD66656911B}.Debug|Any CPU.Build.0 = Debug|Any CPU
		{8C953418-4356-46F1-8184-2AD66656911B}.Release|Any CPU.ActiveCfg = Release|Any CPU
		{8C953418-4356-46F1-8184-2AD66656911B}.Release|Any CPU.Build.0 = Release|Any CPU
	EndGlobalSection
	GlobalSection(SolutionProperties) = preSolution
		HideSolutionNode = FALSE
	EndGlobalSection
	GlobalSection(ExtensibilityGlobals) = postSolution
		SolutionGuid = {5580FB61-2940-4C8F-9F1B-69B78A8DC0FB}
	EndGlobalSection
EndGlobal
